
Microsoft Visual Studio Solution File, Format Version 12.00
# Visual Studio 2012
Project("{FAE04EC0-301F-11D3-BF4B-00C04F79EFBC}") = "imageUpdaterV1.0", "imageUpdaterV1.0\imageUpdaterV1.0.csproj", "{B4DD25DE-1E09-4FDF-804E-F02E8060ED7A}"
EndProject
Global
	GlobalSection(SolutionConfigurationPlatforms) = preSolution
		Debug|Any CPU = Debug|Any CPU
		Release|Any CPU = Release|Any CPU
	EndGlobalSection
	GlobalSection(ProjectConfigurationPlatforms) = postSolution
		{B4DD25DE-1E09-4FDF-804E-F02E8060ED7A}.Debug|Any CPU.ActiveCfg = Debug|Any CPU
		{B4DD25DE-1E09-4FDF-804E-F02E8060ED7A}.Debug|Any CPU.Build.0 = Debug|Any CPU
		{B4DD25DE-1E09-4FDF-804E-F02E8060ED7A}.Release|Any CPU.ActiveCfg = Release|Any CPU
		{B4DD25DE-1E09-4FDF-804E-F02E8060ED7A}.Release|Any CPU.Build.0 = Release|Any CPU
	EndGlobalSection
	GlobalSection(SolutionProperties) = preSolution
		HideSolutionNode = FALSE
	EndGlobalSection
EndGlobal
